github.com/yalue/onnxruntime_go v1.13.0 h1:5HDXHon3EukQMyYA7yPMed/raWaDE/gjwLOwnVoiwy8=
github.com/yalue/onnxruntime_go v1.13.0/go.mod h1:b4X26A8pekNb1ACJ58wAXgNKeUCGEAQ9dmACut9Sm/4=
google.golang.org/protobuf v1.36.11 h1:fV6ZwhNocDyBLK0dj+fg8ektcVegBBuEolpbTQyBNVE=
google.golang.org/protobuf v1.36.11/go.mod h1:HTf+CrKn2C3g5S8VImy6tdcUvCska2kB7j23XfzDpco=
